github.com/google/go-cmp v0.6.0 h1:ofyhxvXcZhMsU5ulbFiLKl/XBFqE1GSq7atu8tAmTRI=
github.com/google/go-cmp v0.6.0/go.mod h1:17dUlkBOakJ0+DkrSSNjCkIjxS6bF9zb3elmeNGIjoY=
golang.org/x/crypto v0.28.0 h1:GBDwsMXVQi34v5CCYUm2jkJvu4cbtru2U4TN2PSyQnw=
golang.org/x/crypto v0.28.0/go.mod h1:rmgy+3RHxRZMyY0jjAJShp2zgEdOqj2AO7U0pYmeQ7U=
golang.org/x/sync v0.7.0 h1:YsImfSBoP9QPYL0xyKJPq0gcaJdG3rInoqxTWbfQu9M=
golang.org/x/sync v0.7.0/go.mod h1:Czt+wKu1gCyEFDUtn0jG5QVvpJ6rzVqr5aXyt9drQfk=
golang.org/x/sys v0.26.0 h1:KHjCJyddX0LoSTb3J+vWpupP9p0oznkqVk/IfjymZbo=
golang.org/x/sys v0.26.0/go.mod h1:/VUhepiaJMQUp4+oa/7Zr1D23ma6VTLIYjOOTFZPUcA=
gotest.tools/v3 v3.5.1 h1:EENdUnS3pdur5nybKYIh2Vfgc8IUNBjxDPSjtiJcOzU=
gotest.tools/v3 v3.5.1/go.mod h1:isy3WKz7GK6uNw/sbHzfKBLvlvXwUyV06n6brMxxopU=
lesiw.io/cmdio v0.5.0 h1:/A8LZUY8okO3xVSDpTW3NbRKRLVG6F3NHLWNA1w05/Q=
lesiw.io/cmdio v0.5.0/go.mod h1:NysrmGcOlIAtjNMxtvAKXV+a5c+qJGadLtLLOUbFt5Y=
lesiw.io/defers v0.1.0 h1:WLgAxtpmqN4SCUFHOOmntJvuqX0oqKcY3bJbOAaOlF4=
lesiw.io/defers v0.1.0/go.mod h1:sT3znBle5xZYx2JV2ONWw3kgpnOYzyVN91RJGX7+RJE=
lesiw.io/prefix v0.1.0 h1:2Ors12avAiADgMbsQHh27wQmoSI+4aZSW2uTBdDmIZg=
lesiw.io/prefix v0.1.0/go.mod h1:yrUaJpvikavNodwcL64crLnSf3t1NWeNi/vNu5hUi2Y=
lesiw.io/repo v0.0.0-20241017224111-c024f789b977 h1:MvUZ/Zv4eD7yHL3tD/TF4uor9k995TQh+FLpJX0odn0=
lesiw.io/repo v0.0.0-20241017224111-c024f789b977/go.mod h1:ldcHVYOLJX/XeSTu8cm05Cl5tYe2xNunC/DB7QU0uzI=
